
Microsoft Visual Studio Solution File, Format Version 12.00
# Visual Studio 2012
Project("{FAE04EC0-301F-11D3-BF4B-00C04F79EFBC}") = "ratings", "ratings\ratings.csproj", "{7574BEA9-FCD8-4082-B231-87D709D0A23A}"
EndProject
Project("{FAE04EC0-301F-11D3-BF4B-00C04F79EFBC}") = "ratingsTests", "ratingsTests\ratingsTests.csproj", "{D6446A00-7D4E-4771-AE69-626D053B0BCE}"
EndProject
Project("{2150E333-8FDC-42A3-9474-1A3956D46DE8}") = "Solution Items", "Solution Items", "{7ACA20B0-D2D8-4FDC-816C-A60989E91011}"
	ProjectSection(SolutionItems) = preProject
		README.md = README.md
	EndProjectSection
EndProject
Project("{2150E333-8FDC-42A3-9474-1A3956D46DE8}") = "other", "other", "{BDCEC319-60AE-4DD9-8995-62C049F9F7C5}"
	ProjectSection(SolutionItems) = preProject
		Other\ban.pdn = Other\ban.pdn
		Other\ban.png = Other\ban.png
		Other\ban1.pdn = Other\ban1.pdn
		Other\ban1.png = Other\ban1.png
		Other\ban2.pdn = Other\ban2.pdn
		Other\ban2.png = Other\ban2.png
		Other\ban_safari.pdn = Other\ban_safari.pdn
		Other\ban_safari.png = Other\ban_safari.png
		Other\dark_star.png = Other\dark_star.png
		Other\icon128.pdn = Other\icon128.pdn
		Other\icon256.pdn = Other\icon256.pdn
		Other\icon256.png = Other\icon256.png
		Other\screen1.png = Other\screen1.png
		Other\screen2.png = Other\screen2.png
		Other\screen3.png = Other\screen3.png
		Other\star.png = Other\star.png
	EndProjectSection
EndProject
Global
	GlobalSection(SolutionConfigurationPlatforms) = preSolution
		Debug|Any CPU = Debug|Any CPU
		Release|Any CPU = Release|Any CPU
	EndGlobalSection
	GlobalSection(ProjectConfigurationPlatforms) = postSolution
		{7574BEA9-FCD8-4082-B231-87D709D0A23A}.Debug|Any CPU.ActiveCfg = Debug|Any CPU
		{7574BEA9-FCD8-4082-B231-87D709D0A23A}.Debug|Any CPU.Build.0 = Debug|Any CPU
		{7574BEA9-FCD8-4082-B231-87D709D0A23A}.Release|Any CPU.ActiveCfg = Release|Any CPU
		{7574BEA9-FCD8-4082-B231-87D709D0A23A}.Release|Any CPU.Build.0 = Release|Any CPU
		{D6446A00-7D4E-4771-AE69-626D053B0BCE}.Debug|Any CPU.ActiveCfg = Debug|Any CPU
		{D6446A00-7D4E-4771-AE69-626D053B0BCE}.Debug|Any CPU.Build.0 = Debug|Any CPU
		{D6446A00-7D4E-4771-AE69-626D053B0BCE}.Release|Any CPU.ActiveCfg = Release|Any CPU
		{D6446A00-7D4E-4771-AE69-626D053B0BCE}.Release|Any CPU.Build.0 = Release|Any CPU
	EndGlobalSection
	GlobalSection(SolutionProperties) = preSolution
		HideSolutionNode = FALSE
	EndGlobalSection
	GlobalSection(NestedProjects) = preSolution
		{BDCEC319-60AE-4DD9-8995-62C049F9F7C5} = {7ACA20B0-D2D8-4FDC-816C-A60989E91011}
	EndGlobalSection
EndGlobal
